{
  "name": "@resto/core",
  "version": "0.0.0",
  "lockfileVersion": 1,
  "requires": true,
  "dependencies": {
    "@angular/common": {
      "version": "9.1.13",
      "resolved": "https://registry.npmjs.org/@angular/common/-/common-9.1.13.tgz",
      "integrity": "sha512-QACUhJWlly/nfHUmjopVS1p6ayxxa/NqjyftdCeBJaoyM2YohqWixP/n/keu1K/srJ96aFpUNsZQgmgoRv5SOQ=="
    },
    "@angular/core": {
      "version": "9.1.13",
      "resolved": "https://registry.npmjs.org/@angular/core/-/core-9.1.13.tgz",
      "integrity": "sha512-mBm24Q9GjkAsxMAzqQ86U1078+yTEpr0+syMEruUtJ0HUH6Fzn3J+6xTLb+BVcGb9RkCkFaV9T5mcn6ZM0f++g=="
    },
    "@types/node": {
      "version": "14.14.41",
      "resolved": "https://registry.npmjs.org/@types/node/-/node-14.14.41.tgz",
      "integrity": "sha512-dueRKfaJL4RTtSa7bWeTK1M+VH+Gns73oCgzvYfHZywRCoPSd8EkXBL0mZ9unPTveBn+D9phZBaxuzpwjWkW0g==",
      "dev": true
    }
  }
}
